// !$*UTF8*$!
{
	archiveVersion = 1;
	classes = {
	};
	objectVersion = 48;
	objects = {

/* Begin PBXBuildFile section */
		962AF82B1F9BC8BD006E74E1 /* GreetingViewModel.swift in Sources */ = {isa = PBXBuildFile; fileRef = 962AF82A1F9BC8BD006E74E1 /* GreetingViewModel.swift */; };
		96D28B031F9BB85400F6CFE6 /* MainViewControllerTests.swift in Sources */ = {isa = PBXBuildFile; fileRef = 96D28B021F9BB85400F6CFE6 /* MainViewControllerTests.swift */; };
		96D28B051F9BB9CF00F6CFE6 /* TestUtils.swift in Sources */ = {isa = PBXBuildFile; fileRef = 96D28B041F9BB9CF00F6CFE6 /* TestUtils.swift */; };
		96FEEB6E1F9BA9DE00A2FEC8 /* AppDelegate.swift in Sources */ = {isa = PBXBuildFile; fileRef = 96FEEB6D1F9BA9DE00A2FEC8 /* AppDelegate.swift */; };
		96FEEB701F9BA9DE00A2FEC8 /* MainViewController.swift in Sources */ = {isa = PBXBuildFile; fileRef = 96FEEB6F1F9BA9DE00A2FEC8 /* MainViewController.swift */; };
		96FEEB731F9BA9DE00A2FEC8 /* Main.storyboard in Resources */ = {isa = PBXBuildFile; fileRef = 96FEEB711F9BA9DE00A2FEC8 /* Main.storyboard */; };
		96FEEB751F9BA9DE00A2FEC8 /* Assets.xcassets in Resources */ = {isa = PBXBuildFile; fileRef = 96FEEB741F9BA9DE00A2FEC8 /* Assets.xcassets */; };
		96FEEB781F9BA9DE00A2FEC8 /* LaunchScreen.storyboard in Resources */ = {isa = PBXBuildFile; fileRef = 96FEEB761F9BA9DE00A2FEC8 /* LaunchScreen.storyboard */; };
		96FEEB8E1F9BA9DF00A2FEC8 /* TodoArchUITests.swift in Sources */ = {isa = PBXBuildFile; fileRef = 96FEEB8D1F9BA9DF00A2FEC8 /* TodoArchUITests.swift */; };
		BEA0D2754E31283E42A95A11 /* Pods_TodoArchTests.framework in Frameworks */ = {isa = PBXBuildFile; fileRef = 3AD53C4102F01CD0AEB653F8 /* Pods_TodoArchTests.framework */; };
/* End PBXBuildFile section */

/* Begin PBXContainerItemProxy section */
		96FEEB7F1F9BA9DF00A2FEC8 /* PBXContainerItemProxy */ = {
			isa = PBXContainerItemProxy;
			containerPortal = 96FEEB621F9BA9DE00A2FEC8 /* Project object */;
			proxyType = 1;
			remoteGlobalIDString = 96FEEB691F9BA9DE00A2FEC8;
			remoteInfo = TodoArch;
		};
		96FEEB8A1F9BA9DF00A2FEC8 /* PBXContainerItemProxy */ = {
			isa = PBXContainerItemProxy;
			containerPortal = 96FEEB621F9BA9DE00A2FEC8 /* Project object */;
			proxyType = 1;
			remoteGlobalIDString = 96FEEB691F9BA9DE00A2FEC8;
			remoteInfo = TodoArch;
		};
/* End PBXContainerItemProxy section */

/* Begin PBXFileReference section */
		13A6E8203D18B61F5B9A5503 /* Pods-TodoArchTests.release.xcconfig */ = {isa = PBXFileReference; includeInIndex = 1; lastKnownFileType = text.xcconfig; name = "Pods-TodoArchTests.release.xcconfig"; path = "Pods/Target Support Files/Pods-TodoArchTests/Pods-TodoArchTests.release.xcconfig"; sourceTree = "<group>"; };
		3AD53C4102F01CD0AEB653F8 /* Pods_TodoArchTests.framework */ = {isa = PBXFileReference; explicitFileType = wrapper.framework; includeInIndex = 0; path = Pods_TodoArchTests.framework; sourceTree = BUILT_PRODUCTS_DIR; };
		962AF82A1F9BC8BD006E74E1 /* GreetingViewModel.swift */ = {isa = PBXFileReference; lastKnownFileType = sourcecode.swift; path = GreetingViewModel.swift; sourceTree = "<group>"; };
		96D28B021F9BB85400F6CFE6 /* MainViewControllerTests.swift */ = {isa = PBXFileReference; lastKnownFileType = sourcecode.swift; path = MainViewControllerTests.swift; sourceTree = "<group>"; };
		96D28B041F9BB9CF00F6CFE6 /* TestUtils.swift */ = {isa = PBXFileReference; lastKnownFileType = sourcecode.swift; path = TestUtils.swift; sourceTree = "<group>"; };
		96FEEB6A1F9BA9DE00A2FEC8 /* TodoArch.app */ = {isa = PBXFileReference; explicitFileType = wrapper.application; includeInIndex = 0; path = TodoArch.app; sourceTree = BUILT_PRODUCTS_DIR; };
		96FEEB6D1F9BA9DE00A2FEC8 /* AppDelegate.swift */ = {isa = PBXFileReference; lastKnownFileType = sourcecode.swift; path = AppDelegate.swift; sourceTree = "<group>"; };
		96FEEB6F1F9BA9DE00A2FEC8 /* MainViewController.swift */ = {isa = PBXFileReference; lastKnownFileType = sourcecode.swift; path = MainViewController.swift; sourceTree = "<group>"; };
		96FEEB721F9BA9DE00A2FEC8 /* Base */ = {isa = PBXFileReference; lastKnownFileType = file.storyboard; name = Base; path = Base.lproj/Main.storyboard; sourceTree = "<group>"; };
		96FEEB741F9BA9DE00A2FEC8 /* Assets.xcassets */ = {isa = PBXFileReference; lastKnownFileType = folder.assetcatalog; path = Assets.xcassets; sourceTree = "<group>"; };
		96FEEB771F9BA9DE00A2FEC8 /* Base */ = {isa = PBXFileReference; lastKnownFileType = file.storyboard; name = Base; path = Base.lproj/LaunchScreen.storyboard; sourceTree = "<group>"; };
		96FEEB791F9BA9DE00A2FEC8 /* Info.plist */ = {isa = PBXFileReference; lastKnownFileType = text.plist.xml; path = Info.plist; sourceTree = "<group>"; };
		96FEEB7E1F9BA9DF00A2FEC8 /* TodoArchTests.xctest */ = {isa = PBXFileReference; explicitFileType = wrapper.cfbundle; includeInIndex = 0; path = TodoArchTests.xctest; sourceTree = BUILT_PRODUCTS_DIR; };
		96FEEB841F9BA9DF00A2FEC8 /* Info.plist */ = {isa = PBXFileReference; lastKnownFileType = text.plist.xml; path = Info.plist; sourceTree = "<group>"; };
		96FEEB891F9BA9DF00A2FEC8 /* TodoArchUITests.xctest */ = {isa = PBXFileReference; explicitFileType = wrapper.cfbundle; includeInIndex = 0; path = TodoArchUITests.xctest; sourceTree = BUILT_PRODUCTS_DIR; };
		96FEEB8D1F9BA9DF00A2FEC8 /* TodoArchUITests.swift */ = {isa = PBXFileReference; lastKnownFileType = sourcecode.swift; path = TodoArchUITests.swift; sourceTree = "<group>"; };
		96FEEB8F1F9BA9DF00A2FEC8 /* Info.plist */ = {isa = PBXFileReference; lastKnownFileType = text.plist.xml; path = Info.plist; sourceTree = "<group>"; };
		FDB7E61C17907865937D7F30 /* Pods-TodoArchTests.debug.xcconfig */ = {isa = PBXFileReference; includeInIndex = 1; lastKnownFileType = text.xcconfig; name = "Pods-TodoArchTests.debug.xcconfig"; path = "Pods/Target Support Files/Pods-TodoArchTests/Pods-TodoArchTests.debug.xcconfig"; sourceTree = "<group>"; };
/* End PBXFileReference section */

/* Begin PBXFrameworksBuildPhase section */
		96FEEB671F9BA9DE00A2FEC8 /* Frameworks */ = {
			isa = PBXFrameworksBuildPhase;
			buildActionMask = 2147483647;
			files = (
			);
			runOnlyForDeploymentPostprocessing = 0;
		};
		96FEEB7B1F9BA9DF00A2FEC8 /* Frameworks */ = {
			isa = PBXFrameworksBuildPhase;
			buildActionMask = 2147483647;
			files = (
				BEA0D2754E31283E42A95A11 /* Pods_TodoArchTests.framework in Frameworks */,
			);
			runOnlyForDeploymentPostprocessing = 0;
		};
		96FEEB861F9BA9DF00A2FEC8 /* Frameworks */ = {
			isa = PBXFrameworksBuildPhase;
			buildActionMask = 2147483647;
			files = (
			);
			runOnlyForDeploymentPostprocessing = 0;
		};
/* End PBXFrameworksBuildPhase section */

/* Begin PBXGroup section */
		01C7E833555E90960304261A /* Frameworks */ = {
			isa = PBXGroup;
			children = (
				3AD53C4102F01CD0AEB653F8 /* Pods_TodoArchTests.framework */,
			);
			name = Frameworks;
			sourceTree = "<group>";
		};
		868CE9F6B0B383DC4D5FB396 /* Pods */ = {
			isa = PBXGroup;
			children = (
				FDB7E61C17907865937D7F30 /* Pods-TodoArchTests.debug.xcconfig */,
				13A6E8203D18B61F5B9A5503 /* Pods-TodoArchTests.release.xcconfig */,
			);
			name = Pods;
			sourceTree = "<group>";
		};
		96D28B061F9BC16500F6CFE6 /* Support */ = {
			isa = PBXGroup;
			children = (
				96FEEB841F9BA9DF00A2FEC8 /* Info.plist */,
				96D28B041F9BB9CF00F6CFE6 /* TestUtils.swift */,
			);
			path = Support;
			sourceTree = "<group>";
		};
		96D28B071F9BC17F00F6CFE6 /* Support */ = {
			isa = PBXGroup;
			children = (
				96FEEB8F1F9BA9DF00A2FEC8 /* Info.plist */,
			);
			path = Support;
			sourceTree = "<group>";
		};
		96D28B091F9BC1C000F6CFE6 /* Support */ = {
			isa = PBXGroup;
			children = (
				96FEEB741F9BA9DE00A2FEC8 /* Assets.xcassets */,
				96FEEB791F9BA9DE00A2FEC8 /* Info.plist */,
			);
			path = Support;
			sourceTree = "<group>";
		};
		96D28B0A1F9BC20800F6CFE6 /* Main */ = {
			isa = PBXGroup;
			children = (
				962AF82A1F9BC8BD006E74E1 /* GreetingViewModel.swift */,
				96FEEB711F9BA9DE00A2FEC8 /* Main.storyboard */,
				96FEEB6F1F9BA9DE00A2FEC8 /* MainViewController.swift */,
			);
			path = Main;
			sourceTree = "<group>";
		};
		96D28B0B1F9BC27000F6CFE6 /* Main */ = {
			isa = PBXGroup;
			children = (
				96D28B021F9BB85400F6CFE6 /* MainViewControllerTests.swift */,
			);
			path = Main;
			sourceTree = "<group>";
		};
		96FEEB611F9BA9DE00A2FEC8 = {
			isa = PBXGroup;
			children = (
				01C7E833555E90960304261A /* Frameworks */,
				868CE9F6B0B383DC4D5FB396 /* Pods */,
				96FEEB6B1F9BA9DE00A2FEC8 /* Products */,
				96FEEB6C1F9BA9DE00A2FEC8 /* TodoArch */,
				96FEEB811F9BA9DF00A2FEC8 /* TodoArchTests */,
				96FEEB8C1F9BA9DF00A2FEC8 /* TodoArchUITests */,
			);
			sourceTree = "<group>";
		};
		96FEEB6B1F9BA9DE00A2FEC8 /* Products */ = {
			isa = PBXGroup;
			children = (
				96FEEB6A1F9BA9DE00A2FEC8 /* TodoArch.app */,
				96FEEB7E1F9BA9DF00A2FEC8 /* TodoArchTests.xctest */,
				96FEEB891F9BA9DF00A2FEC8 /* TodoArchUITests.xctest */,
			);
			name = Products;
			sourceTree = "<group>";
		};
		96FEEB6C1F9BA9DE00A2FEC8 /* TodoArch */ = {
			isa = PBXGroup;
			children = (
				96D28B0A1F9BC20800F6CFE6 /* Main */,
				96D28B091F9BC1C000F6CFE6 /* Support */,
				96FEEB6D1F9BA9DE00A2FEC8 /* AppDelegate.swift */,
				96FEEB761F9BA9DE00A2FEC8 /* LaunchScreen.storyboard */,
			);
			path = TodoArch;
			sourceTree = "<group>";
		};
		96FEEB811F9BA9DF00A2FEC8 /* TodoArchTests */ = {
			isa = PBXGroup;
			children = (
				96D28B0B1F9BC27000F6CFE6 /* Main */,
				96D28B061F9BC16500F6CFE6 /* Support */,
			);
			path = TodoArchTests;
			sourceTree = "<group>";
		};
		96FEEB8C1F9BA9DF00A2FEC8 /* TodoArchUITests */ = {
			isa = PBXGroup;
			children = (
				96D28B071F9BC17F00F6CFE6 /* Support */,
				96FEEB8D1F9BA9DF00A2FEC8 /* TodoArchUITests.swift */,
			);
			path = TodoArchUITests;
			sourceTree = "<group>";
		};
/* End PBXGroup section */

/* Begin PBXNativeTarget section */
		96FEEB691F9BA9DE00A2FEC8 /* TodoArch */ = {
			isa = PBXNativeTarget;
			buildConfigurationList = 96FEEB921F9BA9DF00A2FEC8 /* Build configuration list for PBXNativeTarget "TodoArch" */;
			buildPhases = (
				96FEEB661F9BA9DE00A2FEC8 /* Sources */,
				96FEEB671F9BA9DE00A2FEC8 /* Frameworks */,
				96FEEB681F9BA9DE00A2FEC8 /* Resources */,
			);
			buildRules = (
			);
			dependencies = (
			);
			name = TodoArch;
			productName = TodoArch;
			productReference = 96FEEB6A1F9BA9DE00A2FEC8 /* TodoArch.app */;
			productType = "com.apple.product-type.application";
		};
		96FEEB7D1F9BA9DF00A2FEC8 /* TodoArchTests */ = {
			isa = PBXNativeTarget;
			buildConfigurationList = 96FEEB951F9BA9DF00A2FEC8 /* Build configuration list for PBXNativeTarget "TodoArchTests" */;
			buildPhases = (
				DBE1FDB06E7B6AB61D114BBD /* [CP] Check Pods Manifest.lock */,
				96FEEB7A1F9BA9DF00A2FEC8 /* Sources */,
				96FEEB7B1F9BA9DF00A2FEC8 /* Frameworks */,
				96FEEB7C1F9BA9DF00A2FEC8 /* Resources */,
				1BE6D7ED89618C0DC7E3C045 /* [CP] Embed Pods Frameworks */,
				6E3B5029984902BD6561CEEE /* [CP] Copy Pods Resources */,
			);
			buildRules = (
			);
			dependencies = (
				96FEEB801F9BA9DF00A2FEC8 /* PBXTargetDependency */,
			);
			name = TodoArchTests;
			productName = TodoArchTests;
			productReference = 96FEEB7E1F9BA9DF00A2FEC8 /* TodoArchTests.xctest */;
			productType = "com.apple.product-type.bundle.unit-test";
		};
		96FEEB881F9BA9DF00A2FEC8 /* TodoArchUITests */ = {
			isa = PBXNativeTarget;
			buildConfigurationList = 96FEEB981F9BA9DF00A2FEC8 /* Build configuration list for PBXNativeTarget "TodoArchUITests" */;
			buildPhases = (
				96FEEB851F9BA9DF00A2FEC8 /* Sources */,
				96FEEB861F9BA9DF00A2FEC8 /* Frameworks */,
				96FEEB871F9BA9DF00A2FEC8 /* Resources */,
			);
			buildRules = (
			);
			dependencies = (
				96FEEB8B1F9BA9DF00A2FEC8 /* PBXTargetDependency */,
			);
			name = TodoArchUITests;
			productName = TodoArchUITests;
			productReference = 96FEEB891F9BA9DF00A2FEC8 /* TodoArchUITests.xctest */;
			productType = "com.apple.product-type.bundle.ui-testing";
		};
/* End PBXNativeTarget section */

/* Begin PBXProject section */
		96FEEB621F9BA9DE00A2FEC8 /* Project object */ = {
			isa = PBXProject;
			attributes = {
				LastSwiftUpdateCheck = 0900;
				LastUpgradeCheck = 0900;
				ORGANIZATIONNAME = "Peapod Multimedia, ltd.";
				TargetAttributes = {
					96FEEB691F9BA9DE00A2FEC8 = {
						CreatedOnToolsVersion = 9.0;
						ProvisioningStyle = Automatic;
					};
					96FEEB7D1F9BA9DF00A2FEC8 = {
						CreatedOnToolsVersion = 9.0;
						ProvisioningStyle = Automatic;
						TestTargetID = 96FEEB691F9BA9DE00A2FEC8;
					};
					96FEEB881F9BA9DF00A2FEC8 = {
						CreatedOnToolsVersion = 9.0;
						ProvisioningStyle = Automatic;
						TestTargetID = 96FEEB691F9BA9DE00A2FEC8;
					};
				};
			};
			buildConfigurationList = 96FEEB651F9BA9DE00A2FEC8 /* Build configuration list for PBXProject "TodoArch" */;
			compatibilityVersion = "Xcode 8.0";
			developmentRegion = en;
			hasScannedForEncodings = 0;
			knownRegions = (
				en,
				Base,
			);
			mainGroup = 96FEEB611F9BA9DE00A2FEC8;
			productRefGroup = 96FEEB6B1F9BA9DE00A2FEC8 /* Products */;
			projectDirPath = "";
			projectRoot = "";
			targets = (
				96FEEB691F9BA9DE00A2FEC8 /* TodoArch */,
				96FEEB7D1F9BA9DF00A2FEC8 /* TodoArchTests */,
				96FEEB881F9BA9DF00A2FEC8 /* TodoArchUITests */,
			);
		};
/* End PBXProject section */

/* Begin PBXResourcesBuildPhase section */
		96FEEB681F9BA9DE00A2FEC8 /* Resources */ = {
			isa = PBXResourcesBuildPhase;
			buildActionMask = 2147483647;
			files = (
				96FEEB781F9BA9DE00A2FEC8 /* LaunchScreen.storyboard in Resources */,
				96FEEB751F9BA9DE00A2FEC8 /* Assets.xcassets in Resources */,
				96FEEB731F9BA9DE00A2FEC8 /* Main.storyboard in Resources */,
			);
			runOnlyForDeploymentPostprocessing = 0;
		};
		96FEEB7C1F9BA9DF00A2FEC8 /* Resources */ = {
			isa = PBXResourcesBuildPhase;
			buildActionMask = 2147483647;
			files = (
			);
			runOnlyForDeploymentPostprocessing = 0;
		};
		96FEEB871F9BA9DF00A2FEC8 /* Resources */ = {
			isa = PBXResourcesBuildPhase;
			buildActionMask = 2147483647;
			files = (
			);
			runOnlyForDeploymentPostprocessing = 0;
		};
/* End PBXResourcesBuildPhase section */

/* Begin PBXShellScriptBuildPhase section */
		1BE6D7ED89618C0DC7E3C045 /* [CP] Embed Pods Frameworks */ = {
			isa = PBXShellScriptBuildPhase;
			buildActionMask = 2147483647;
			files = (
			);
			inputPaths = (
				"${SRCROOT}/Pods/Target Support Files/Pods-TodoArchTests/Pods-TodoArchTests-frameworks.sh",
				"${BUILT_PRODUCTS_DIR}/Moxie/Moxie.framework",
				"${BUILT_PRODUCTS_DIR}/Nimble/Nimble.framework",
				"${BUILT_PRODUCTS_DIR}/Quick/Quick.framework",
			);
			name = "[CP] Embed Pods Frameworks";
			outputPaths = (
				"${TARGET_BUILD_DIR}/${FRAMEWORKS_FOLDER_PATH}/Moxie.framework",
				"${TARGET_BUILD_DIR}/${FRAMEWORKS_FOLDER_PATH}/Nimble.framework",
				"${TARGET_BUILD_DIR}/${FRAMEWORKS_FOLDER_PATH}/Quick.framework",
			);
			runOnlyForDeploymentPostprocessing = 0;
			shellPath = /bin/sh;
			shellScript = "\"${SRCROOT}/Pods/Target Support Files/Pods-TodoArchTests/Pods-TodoArchTests-frameworks.sh\"\n";
			showEnvVarsInLog = 0;
		};
		6E3B5029984902BD6561CEEE /* [CP] Copy Pods Resources */ = {
			isa = PBXShellScriptBuildPhase;
			buildActionMask = 2147483647;
			files = (
			);
			inputPaths = (
			);
			name = "[CP] Copy Pods Resources";
			outputPaths = (
			);
			runOnlyForDeploymentPostprocessing = 0;
			shellPath = /bin/sh;
			shellScript = "\"${SRCROOT}/Pods/Target Support Files/Pods-TodoArchTests/Pods-TodoArchTests-resources.sh\"\n";
			showEnvVarsInLog = 0;
		};
		DBE1FDB06E7B6AB61D114BBD /* [CP] Check Pods Manifest.lock */ = {
			isa = PBXShellScriptBuildPhase;
			buildActionMask = 2147483647;
			files = (
			);
			inputPaths = (
				"${PODS_PODFILE_DIR_PATH}/Podfile.lock",
				"${PODS_ROOT}/Manifest.lock",
			);
			name = "[CP] Check Pods Manifest.lock";
			outputPaths = (
				"$(DERIVED_FILE_DIR)/Pods-TodoArchTests-checkManifestLockResult.txt",
			);
			runOnlyForDeploymentPostprocessing = 0;
			shellPath = /bin/sh;
			shellScript = "diff \"${PODS_PODFILE_DIR_PATH}/Podfile.lock\" \"${PODS_ROOT}/Manifest.lock\" > /dev/null\nif [ $? != 0 ] ; then\n    # print error to STDERR\n    echo \"error: The sandbox is not in sync with the Podfile.lock. Run 'pod install' or update your CocoaPods installation.\" >&2\n    exit 1\nfi\n# This output is used by Xcode 'outputs' to avoid re-running this script phase.\necho \"SUCCESS\" > \"${SCRIPT_OUTPUT_FILE_0}\"\n";
			showEnvVarsInLog = 0;
		};
/* End PBXShellScriptBuildPhase section */

/* Begin PBXSourcesBuildPhase section */
		96FEEB661F9BA9DE00A2FEC8 /* Sources */ = {
			isa = PBXSourcesBuildPhase;
			buildActionMask = 2147483647;
			files = (
				96FEEB701F9BA9DE00A2FEC8 /* MainViewController.swift in Sources */,
				962AF82B1F9BC8BD006E74E1 /* GreetingViewModel.swift in Sources */,
				96FEEB6E1F9BA9DE00A2FEC8 /* AppDelegate.swift in Sources */,
			);
			runOnlyForDeploymentPostprocessing = 0;
		};
		96FEEB7A1F9BA9DF00A2FEC8 /* Sources */ = {
			isa = PBXSourcesBuildPhase;
			buildActionMask = 2147483647;
			files = (
				96D28B031F9BB85400F6CFE6 /* MainViewControllerTests.swift in Sources */,
				96D28B051F9BB9CF00F6CFE6 /* TestUtils.swift in Sources */,
			);
			runOnlyForDeploymentPostprocessing = 0;
		};
		96FEEB851F9BA9DF00A2FEC8 /* Sources */ = {
			isa = PBXSourcesBuildPhase;
			buildActionMask = 2147483647;
			files = (
				96FEEB8E1F9BA9DF00A2FEC8 /* TodoArchUITests.swift in Sources */,
			);
			runOnlyForDeploymentPostprocessing = 0;
		};
/* End PBXSourcesBuildPhase section */

/* Begin PBXTargetDependency section */
		96FEEB801F9BA9DF00A2FEC8 /* PBXTargetDependency */ = {
			isa = PBXTargetDependency;
			target = 96FEEB691F9BA9DE00A2FEC8 /* TodoArch */;
			targetProxy = 96FEEB7F1F9BA9DF00A2FEC8 /* PBXContainerItemProxy */;
		};
		96FEEB8B1F9BA9DF00A2FEC8 /* PBXTargetDependency */ = {
			isa = PBXTargetDependency;
			target = 96FEEB691F9BA9DE00A2FEC8 /* TodoArch */;
			targetProxy = 96FEEB8A1F9BA9DF00A2FEC8 /* PBXContainerItemProxy */;
		};
/* End PBXTargetDependency section */

/* Begin PBXVariantGroup section */
		96FEEB711F9BA9DE00A2FEC8 /* Main.storyboard */ = {
			isa = PBXVariantGroup;
			children = (
				96FEEB721F9BA9DE00A2FEC8 /* Base */,
			);
			name = Main.storyboard;
			path = .;
			sourceTree = "<group>";
		};
		96FEEB761F9BA9DE00A2FEC8 /* LaunchScreen.storyboard */ = {
			isa = PBXVariantGroup;
			children = (
				96FEEB771F9BA9DE00A2FEC8 /* Base */,
			);
			name = LaunchScreen.storyboard;
			path = .;
			sourceTree = "<group>";
		};
/* End PBXVariantGroup section */

/* Begin XCBuildConfiguration section */
		96FEEB901F9BA9DF00A2FEC8 /* Debug */ = {
			isa = XCBuildConfiguration;
			buildSettings = {
				ALWAYS_SEARCH_USER_PATHS = NO;
				CLANG_ANALYZER_NONNULL = YES;
				CLANG_ANALYZER_NUMBER_OBJECT_CONVERSION = YES_AGGRESSIVE;
				CLANG_CXX_LANGUAGE_STANDARD = "gnu++14";
				CLANG_CXX_LIBRARY = "libc++";
				CLANG_ENABLE_MODULES = YES;
				CLANG_ENABLE_OBJC_ARC = YES;
				CLANG_WARN_BLOCK_CAPTURE_AUTORELEASING = YES;
				CLANG_WARN_BOOL_CONVERSION = YES;
				CLANG_WARN_COMMA = YES;
				CLANG_WARN_CONSTANT_CONVERSION = YES;
				CLANG_WARN_DIRECT_OBJC_ISA_USAGE = YES_ERROR;
				CLANG_WARN_DOCUMENTATION_COMMENTS = YES;
				CLANG_WARN_EMPTY_BODY = YES;
				CLANG_WARN_ENUM_CONVERSION = YES;
				CLANG_WARN_INFINITE_RECURSION = YES;
				CLANG_WARN_INT_CONVERSION = YES;
				CLANG_WARN_NON_LITERAL_NULL_CONVERSION = YES;
				CLANG_WARN_OBJC_LITERAL_CONVERSION = YES;
				CLANG_WARN_OBJC_ROOT_CLASS = YES_ERROR;
				CLANG_WARN_RANGE_LOOP_ANALYSIS = YES;
				CLANG_WARN_STRICT_PROTOTYPES = YES;
				CLANG_WARN_SUSPICIOUS_MOVE = YES;
				CLANG_WARN_UNGUARDED_AVAILABILITY = YES_AGGRESSIVE;
				CLANG_WARN_UNREACHABLE_CODE = YES;
				CLANG_WARN__DUPLICATE_METHOD_MATCH = YES;
				CODE_SIGN_IDENTITY = "iPhone Developer";
				COPY_PHASE_STRIP = NO;
				DEBUG_INFORMATION_FORMAT = dwarf;
				DEFINES_MODULE = YES;
				ENABLE_STRICT_OBJC_MSGSEND = YES;
				ENABLE_TESTABILITY = YES;
				GCC_C_LANGUAGE_STANDARD = gnu11;
				GCC_DYNAMIC_NO_PIC = NO;
				GCC_NO_COMMON_BLOCKS = YES;
				GCC_OPTIMIZATION_LEVEL = 0;
				GCC_PREPROCESSOR_DEFINITIONS = (
					"DEBUG=1",
					"$(inherited)",
				);
				GCC_WARN_64_TO_32_BIT_CONVERSION = YES;
				GCC_WARN_ABOUT_RETURN_TYPE = YES_ERROR;
				GCC_WARN_UNDECLARED_SELECTOR = YES;
				GCC_WARN_UNINITIALIZED_AUTOS = YES_AGGRESSIVE;
				GCC_WARN_UNUSED_FUNCTION = YES;
				GCC_WARN_UNUSED_VARIABLE = YES;
				IPHONEOS_DEPLOYMENT_TARGET = 11.0;
				MTL_ENABLE_DEBUG_INFO = YES;
				ONLY_ACTIVE_ARCH = YES;
				SDKROOT = iphoneos;
				SWIFT_ACTIVE_COMPILATION_CONDITIONS = DEBUG;
				SWIFT_OPTIMIZATION_LEVEL = "-Onone";
			};
			name = Debug;
		};
		96FEEB911F9BA9DF00A2FEC8 /* Release */ = {
			isa = XCBuildConfiguration;
			buildSettings = {
				ALWAYS_SEARCH_USER_PATHS = NO;
				CLANG_ANALYZER_NONNULL = YES;
				CLANG_ANALYZER_NUMBER_OBJECT_CONVERSION = YES_AGGRESSIVE;
				CLANG_CXX_LANGUAGE_STANDARD = "gnu++14";
				CLANG_CXX_LIBRARY = "libc++";
				CLANG_ENABLE_MODULES = YES;
				CLANG_ENABLE_OBJC_ARC = YES;
				CLANG_WARN_BLOCK_CAPTURE_AUTORELEASING = YES;
				CLANG_WARN_BOOL_CONVERSION = YES;
				CLANG_WARN_COMMA = YES;
				CLANG_WARN_CONSTANT_CONVERSION = YES;
				CLANG_WARN_DIRECT_OBJC_ISA_USAGE = YES_ERROR;
				CLANG_WARN_DOCUMENTATION_COMMENTS = YES;
				CLANG_WARN_EMPTY_BODY = YES;
				CLANG_WARN_ENUM_CONVERSION = YES;
				CLANG_WARN_INFINITE_RECURSION = YES;
				CLANG_WARN_INT_CONVERSION = YES;
				CLANG_WARN_NON_LITERAL_NULL_CONVERSION = YES;
				CLANG_WARN_OBJC_LITERAL_CONVERSION = YES;
				CLANG_WARN_OBJC_ROOT_CLASS = YES_ERROR;
				CLANG_WARN_RANGE_LOOP_ANALYSIS = YES;
				CLANG_WARN_STRICT_PROTOTYPES = YES;
				CLANG_WARN_SUSPICIOUS_MOVE = YES;
				CLANG_WARN_UNGUARDED_AVAILABILITY = YES_AGGRESSIVE;
				CLANG_WARN_UNREACHABLE_CODE = YES;
				CLANG_WARN__DUPLICATE_METHOD_MATCH = YES;
				CODE_SIGN_IDENTITY = "iPhone Developer";
				COPY_PHASE_STRIP = NO;
				DEBUG_INFORMATION_FORMAT = "dwarf-with-dsym";
				DEFINES_MODULE = YES;
				ENABLE_NS_ASSERTIONS = NO;
				ENABLE_STRICT_OBJC_MSGSEND = YES;
				GCC_C_LANGUAGE_STANDARD = gnu11;
				GCC_NO_COMMON_BLOCKS = YES;
				GCC_WARN_64_TO_32_BIT_CONVERSION = YES;
				GCC_WARN_ABOUT_RETURN_TYPE = YES_ERROR;
				GCC_WARN_UNDECLARED_SELECTOR = YES;
				GCC_WARN_UNINITIALIZED_AUTOS = YES_AGGRESSIVE;
				GCC_WARN_UNUSED_FUNCTION = YES;
				GCC_WARN_UNUSED_VARIABLE = YES;
				IPHONEOS_DEPLOYMENT_TARGET = 11.0;
				MTL_ENABLE_DEBUG_INFO = NO;
				SDKROOT = iphoneos;
				SWIFT_OPTIMIZATION_LEVEL = "-Owholemodule";
				VALIDATE_PRODUCT = YES;
			};
			name = Release;
		};
		96FEEB931F9BA9DF00A2FEC8 /* Debug */ = {
			isa = XCBuildConfiguration;
			buildSettings = {
				ASSETCATALOG_COMPILER_APPICON_NAME = AppIcon;
				CODE_SIGN_STYLE = Automatic;
				DEVELOPMENT_TEAM = SPU386ZNKS;
				INFOPLIST_FILE = "$(SRCROOT)/TodoArch/Support/Info.plist";
				LD_RUNPATH_SEARCH_PATHS = "$(inherited) @executable_path/Frameworks";
				PRODUCT_BUNDLE_IDENTIFIER = com.peapodmm.TodoArch;
				PRODUCT_NAME = "$(TARGET_NAME)";
				SWIFT_VERSION = 4.0;
				TARGETED_DEVICE_FAMILY = "1,2";
			};
			name = Debug;
		};
		96FEEB941F9BA9DF00A2FEC8 /* Release */ = {
			isa = XCBuildConfiguration;
			buildSettings = {
				ASSETCATALOG_COMPILER_APPICON_NAME = AppIcon;
				CODE_SIGN_STYLE = Automatic;
				DEVELOPMENT_TEAM = SPU386ZNKS;
				INFOPLIST_FILE = "$(SRCROOT)/TodoArch/Support/Info.plist";
				LD_RUNPATH_SEARCH_PATHS = "$(inherited) @executable_path/Frameworks";
				PRODUCT_BUNDLE_IDENTIFIER = com.peapodmm.TodoArch;
				PRODUCT_NAME = "$(TARGET_NAME)";
				SWIFT_VERSION = 4.0;
				TARGETED_DEVICE_FAMILY = "1,2";
			};
			name = Release;
		};
		96FEEB961F9BA9DF00A2FEC8 /* Debug */ = {
			isa = XCBuildConfiguration;
			baseConfigurationReference = FDB7E61C17907865937D7F30 /* Pods-TodoArchTests.debug.xcconfig */;
			buildSettings = {
				BUNDLE_LOADER = "$(TEST_HOST)";
				CODE_SIGN_STYLE = Automatic;
				DEVELOPMENT_TEAM = SPU386ZNKS;
				INFOPLIST_FILE = TodoArchTests/Support/Info.plist;
				LD_RUNPATH_SEARCH_PATHS = "$(inherited) @executable_path/Frameworks @loader_path/Frameworks";
				PRODUCT_BUNDLE_IDENTIFIER = com.peapodmm.TodoArchTests;
				PRODUCT_NAME = "$(TARGET_NAME)";
				SWIFT_VERSION = 4.0;
				TARGETED_DEVICE_FAMILY = "1,2";
				TEST_HOST = "$(BUILT_PRODUCTS_DIR)/TodoArch.app/TodoArch";
			};
			name = Debug;
		};
		96FEEB971F9BA9DF00A2FEC8 /* Release */ = {
			isa = XCBuildConfiguration;
			baseConfigurationReference = 13A6E8203D18B61F5B9A5503 /* Pods-TodoArchTests.release.xcconfig */;
			buildSettings = {
				BUNDLE_LOADER = "$(TEST_HOST)";
				CODE_SIGN_STYLE = Automatic;
				DEVELOPMENT_TEAM = SPU386ZNKS;
				INFOPLIST_FILE = TodoArchTests/Support/Info.plist;
				LD_RUNPATH_SEARCH_PATHS = "$(inherited) @executable_path/Frameworks @loader_path/Frameworks";
				PRODUCT_BUNDLE_IDENTIFIER = com.peapodmm.TodoArchTests;
				PRODUCT_NAME = "$(TARGET_NAME)";
				SWIFT_VERSION = 4.0;
				TARGETED_DEVICE_FAMILY = "1,2";
				TEST_HOST = "$(BUILT_PRODUCTS_DIR)/TodoArch.app/TodoArch";
			};
			name = Release;
		};
		96FEEB991F9BA9DF00A2FEC8 /* Debug */ = {
			isa = XCBuildConfiguration;
			buildSettings = {
				CODE_SIGN_STYLE = Automatic;
				DEVELOPMENT_TEAM = SPU386ZNKS;
				INFOPLIST_FILE = TodoArchUITests/Support/Info.plist;
				LD_RUNPATH_SEARCH_PATHS = "$(inherited) @executable_path/Frameworks @loader_path/Frameworks";
				PRODUCT_BUNDLE_IDENTIFIER = com.peapodmm.TodoArchUITests;
				PRODUCT_NAME = "$(TARGET_NAME)";
				SWIFT_VERSION = 4.0;
				TARGETED_DEVICE_FAMILY = "1,2";
				TEST_TARGET_NAME = TodoArch;
			};
			name = Debug;
		};
		96FEEB9A1F9BA9DF00A2FEC8 /* Release */ = {
			isa = XCBuildConfiguration;
			buildSettings = {
				CODE_SIGN_STYLE = Automatic;
				DEVELOPMENT_TEAM = SPU386ZNKS;
				INFOPLIST_FILE = TodoArchUITests/Support/Info.plist;
				LD_RUNPATH_SEARCH_PATHS = "$(inherited) @executable_path/Frameworks @loader_path/Frameworks";
				PRODUCT_BUNDLE_IDENTIFIER = com.peapodmm.TodoArchUITests;
				PRODUCT_NAME = "$(TARGET_NAME)";
				SWIFT_VERSION = 4.0;
				TARGETED_DEVICE_FAMILY = "1,2";
				TEST_TARGET_NAME = TodoArch;
			};
			name = Release;
		};
/* End XCBuildConfiguration section */

/* Begin XCConfigurationList section */
		96FEEB651F9BA9DE00A2FEC8 /* Build configuration list for PBXProject "TodoArch" */ = {
			isa = XCConfigurationList;
			buildConfigurations = (
				96FEEB901F9BA9DF00A2FEC8 /* Debug */,
				96FEEB911F9BA9DF00A2FEC8 /* Release */,
			);
			defaultConfigurationIsVisible = 0;
			defaultConfigurationName = Release;
		};
		96FEEB921F9BA9DF00A2FEC8 /* Build configuration list for PBXNativeTarget "TodoArch" */ = {
			isa = XCConfigurationList;
			buildConfigurations = (
				96FEEB931F9BA9DF00A2FEC8 /* Debug */,
				96FEEB941F9BA9DF00A2FEC8 /* Release */,
			);
			defaultConfigurationIsVisible = 0;
			defaultConfigurationName = Release;
		};
		96FEEB951F9BA9DF00A2FEC8 /* Build configuration list for PBXNativeTarget "TodoArchTests" */ = {
			isa = XCConfigurationList;
			buildConfigurations = (
				96FEEB961F9BA9DF00A2FEC8 /* Debug */,
				96FEEB971F9BA9DF00A2FEC8 /* Release */,
			);
			defaultConfigurationIsVisible = 0;
			defaultConfigurationName = Release;
		};
		96FEEB981F9BA9DF00A2FEC8 /* Build configuration list for PBXNativeTarget "TodoArchUITests" */ = {
			isa = XCConfigurationList;
			buildConfigurations = (
				96FEEB991F9BA9DF00A2FEC8 /* Debug */,
				96FEEB9A1F9BA9DF00A2FEC8 /* Release */,
			);
			defaultConfigurationIsVisible = 0;
			defaultConfigurationName = Release;
		};
/* End XCConfigurationList section */
	};
	rootObject = 96FEEB621F9BA9DE00A2FEC8 /* Project object */;
}
